
Microsoft Visual Studio Solution File, Format Version 12.00
# Visual Studio 2013
VisualStudioVersion = 12.0.30723.0
MinimumVisualStudioVersion = 10.0.40219.1
Project("{FAE04EC0-301F-11D3-BF4B-00C04F79EFBC}") = "ConfigSetting.Web", "ConfigSetting.Web\ConfigSetting.Web.csproj", "{98E7E477-F685-416E-988E-70568BFD2684}"
EndProject
Project("{FAE04EC0-301F-11D3-BF4B-00C04F79EFBC}") = "ConfigSetting.Client", "ConfigSetting.Client\ConfigSetting.Client.csproj", "{026753DC-508E-4C00-97A1-C5B52FAA6A42}"
EndProject
Project("{2150E333-8FDC-42A3-9474-1A3956D46DE8}") = "Data", "Data", "{046AF519-8A5C-4682-B8E8-5C37B887A982}"
EndProject
Project("{FAE04EC0-301F-11D3-BF4B-00C04F79EFBC}") = "ConfigSetting.Model", "ConfigSetting.Model\ConfigSetting.Model.csproj", "{A7873D78-E73C-4247-A6DB-302096AE3787}"
EndProject
Project("{FAE04EC0-301F-11D3-BF4B-00C04F79EFBC}") = "ConfigSetting.Common", "ConfigSetting.Common\ConfigSetting.Common.csproj", "{E39963D4-2628-48CB-95D7-6DD2F43CEFD1}"
EndProject
Project("{FAE04EC0-301F-11D3-BF4B-00C04F79EFBC}") = "ConfigSetting.Data", "ConfigSetting.Data\ConfigSetting.Data.csproj", "{3C5259BD-246C-48EA-92D1-D247F3919C1B}"
EndProject
Project("{FAE04EC0-301F-11D3-BF4B-00C04F79EFBC}") = "ConfigSetting.Data.SqlServer", "ConfigSetting.Data.SqlServer\ConfigSetting.Data.SqlServer.csproj", "{5DF2BCA0-5B4E-40D0-8A0C-59A196B527D4}"
EndProject
Project("{FAE04EC0-301F-11D3-BF4B-00C04F79EFBC}") = "ConfigSetting.UnitTest", "ConfigSetting.UnitTest\ConfigSetting.UnitTest.csproj", "{2E70E4E3-0622-4911-A362-28AA18FF0C31}"
EndProject
Global
	GlobalSection(SolutionConfigurationPlatforms) = preSolution
		Debug|Any CPU = Debug|Any CPU
		Release|Any CPU = Release|Any CPU
	EndGlobalSection
	GlobalSection(ProjectConfigurationPlatforms) = postSolution
		{98E7E477-F685-416E-988E-70568BFD2684}.Debug|Any CPU.ActiveCfg = Debug|Any CPU
		{98E7E477-F685-416E-988E-70568BFD2684}.Debug|Any CPU.Build.0 = Debug|Any CPU
		{98E7E477-F685-416E-988E-70568BFD2684}.Release|Any CPU.ActiveCfg = Release|Any CPU
		{98E7E477-F685-416E-988E-70568BFD2684}.Release|Any CPU.Build.0 = Release|Any CPU
		{026753DC-508E-4C00-97A1-C5B52FAA6A42}.Debug|Any CPU.ActiveCfg = Debug|Any CPU
		{026753DC-508E-4C00-97A1-C5B52FAA6A42}.Debug|Any CPU.Build.0 = Debug|Any CPU
		{026753DC-508E-4C00-97A1-C5B52FAA6A42}.Release|Any CPU.ActiveCfg = Release|Any CPU
		{026753DC-508E-4C00-97A1-C5B52FAA6A42}.Release|Any CPU.Build.0 = Release|Any CPU
		{A7873D78-E73C-4247-A6DB-302096AE3787}.Debug|Any CPU.ActiveCfg = Debug|Any CPU
		{A7873D78-E73C-4247-A6DB-302096AE3787}.Debug|Any CPU.Build.0 = Debug|Any CPU
		{A7873D78-E73C-4247-A6DB-302096AE3787}.Release|Any CPU.ActiveCfg = Release|Any CPU
		{A7873D78-E73C-4247-A6DB-302096AE3787}.Release|Any CPU.Build.0 = Release|Any CPU
		{E39963D4-2628-48CB-95D7-6DD2F43CEFD1}.Debug|Any CPU.ActiveCfg = Debug|Any CPU
		{E39963D4-2628-48CB-95D7-6DD2F43CEFD1}.Debug|Any CPU.Build.0 = Debug|Any CPU
		{E39963D4-2628-48CB-95D7-6DD2F43CEFD1}.Release|Any CPU.ActiveCfg = Release|Any CPU
		{E39963D4-2628-48CB-95D7-6DD2F43CEFD1}.Release|Any CPU.Build.0 = Release|Any CPU
		{3C5259BD-246C-48EA-92D1-D247F3919C1B}.Debug|Any CPU.ActiveCfg = Debug|Any CPU
		{3C5259BD-246C-48EA-92D1-D247F3919C1B}.Debug|Any CPU.Build.0 = Debug|Any CPU
		{3C5259BD-246C-48EA-92D1-D247F3919C1B}.Release|Any CPU.ActiveCfg = Release|Any CPU
		{3C5259BD-246C-48EA-92D1-D247F3919C1B}.Release|Any CPU.Build.0 = Release|Any CPU
		{5DF2BCA0-5B4E-40D0-8A0C-59A196B527D4}.Debug|Any CPU.ActiveCfg = Debug|Any CPU
		{5DF2BCA0-5B4E-40D0-8A0C-59A196B527D4}.Debug|Any CPU.Build.0 = Debug|Any CPU
		{5DF2BCA0-5B4E-40D0-8A0C-59A196B527D4}.Release|Any CPU.ActiveCfg = Release|Any CPU
		{5DF2BCA0-5B4E-40D0-8A0C-59A196B527D4}.Release|Any CPU.Build.0 = Release|Any CPU
		{2E70E4E3-0622-4911-A362-28AA18FF0C31}.Debug|Any CPU.ActiveCfg = Debug|Any CPU
		{2E70E4E3-0622-4911-A362-28AA18FF0C31}.Debug|Any CPU.Build.0 = Debug|Any CPU
		{2E70E4E3-0622-4911-A362-28AA18FF0C31}.Release|Any CPU.ActiveCfg = Release|Any CPU
		{2E70E4E3-0622-4911-A362-28AA18FF0C31}.Release|Any CPU.Build.0 = Release|Any CPU
	EndGlobalSection
	GlobalSection(SolutionProperties) = preSolution
		HideSolutionNode = FALSE
	EndGlobalSection
	GlobalSection(NestedProjects) = preSolution
		{A7873D78-E73C-4247-A6DB-302096AE3787} = {046AF519-8A5C-4682-B8E8-5C37B887A982}
		{3C5259BD-246C-48EA-92D1-D247F3919C1B} = {046AF519-8A5C-4682-B8E8-5C37B887A982}
		{5DF2BCA0-5B4E-40D0-8A0C-59A196B527D4} = {046AF519-8A5C-4682-B8E8-5C37B887A982}
	EndGlobalSection
EndGlobal
